
Microsoft Visual Studio Solution File, Format Version 12.00
# Visual Studio 15
VisualStudioVersion = 15.0.28307.329
MinimumVisualStudioVersion = 10.0.40219.1
Project("{9A19103F-16F7-4668-BE54-9A1E7A4F7556}") = "Escuela", "Escuela.csproj", "{4039899F-3ECB-4860-9ECC-15DDEEA9EAF3}"
EndProject
Global
	GlobalSection(SolutionConfigurationPlatforms) = preSolution
		Debug|Any CPU = Debug|Any CPU
		Release|Any CPU = Release|Any CPU
	EndGlobalSection
	GlobalSection(ProjectConfigurationPlatforms) = postSolution
		{4039899F-3ECB-4860-9ECC-15DDEEA9EAF3}.Debug|Any CPU.ActiveCfg = Debug|Any CPU
		{4039899F-3ECB-4860-9ECC-15DDEEA9EAF3}.Debug|Any CPU.Build.0 = Debug|Any CPU
		{4039899F-3ECB-4860-9ECC-15DDEEA9EAF3}.Release|Any CPU.ActiveCfg = Release|Any CPU
		{4039899F-3ECB-4860-9ECC-15DDEEA9EAF3}.Release|Any CPU.Build.0 = Release|Any CPU
	EndGlobalSection
	GlobalSection(SolutionProperties) = preSolution
		HideSolutionNode = FALSE
	EndGlobalSection
	GlobalSection(ExtensibilityGlobals) = postSolution
		SolutionGuid = {759AA61C-D155-4939-90DE-60DEC177A3C2}
	EndGlobalSection
EndGlobal
